
Microsoft Visual Studio Solution File, Format Version 12.00
# Visual Studio 15
VisualStudioVersion = 15.0.28307.705
MinimumVisualStudioVersion = 10.0.40219.1
Project("{9A19103F-16F7-4668-BE54-9A1E7A4F7556}") = "ProjetoBase.Domain", "ProjetoBase.Domain\ProjetoBase.Domain.csproj", "{BF2C97E1-0C14-44F7-81FC-3E47A3FFEF29}"
EndProject
Project("{FAE04EC0-301F-11D3-BF4B-00C04F79EFBC}") = "ProjetoBase.UnitTest", "ProjetoBase.UnitTest\ProjetoBase.UnitTest.csproj", "{DC8D457E-379F-4E4C-B847-E1F2A3489D33}"
EndProject
Global
	GlobalSection(SolutionConfigurationPlatforms) = preSolution
		Debug|Any CPU = Debug|Any CPU
		Release|Any CPU = Release|Any CPU
	EndGlobalSection
	GlobalSection(ProjectConfigurationPlatforms) = postSolution
		{BF2C97E1-0C14-44F7-81FC-3E47A3FFEF29}.Debug|Any CPU.ActiveCfg = Debug|Any CPU
		{BF2C97E1-0C14-44F7-81FC-3E47A3FFEF29}.Debug|Any CPU.Build.0 = Debug|Any CPU
		{BF2C97E1-0C14-44F7-81FC-3E47A3FFEF29}.Release|Any CPU.ActiveCfg = Release|Any CPU
		{BF2C97E1-0C14-44F7-81FC-3E47A3FFEF29}.Release|Any CPU.Build.0 = Release|Any CPU
		{DC8D457E-379F-4E4C-B847-E1F2A3489D33}.Debug|Any CPU.ActiveCfg = Debug|Any CPU
		{DC8D457E-379F-4E4C-B847-E1F2A3489D33}.Debug|Any CPU.Build.0 = Debug|Any CPU
		{DC8D457E-379F-4E4C-B847-E1F2A3489D33}.Release|Any CPU.ActiveCfg = Release|Any CPU
		{DC8D457E-379F-4E4C-B847-E1F2A3489D33}.Release|Any CPU.Build.0 = Release|Any CPU
	EndGlobalSection
	GlobalSection(SolutionProperties) = preSolution
		HideSolutionNode = FALSE
	EndGlobalSection
	GlobalSection(ExtensibilityGlobals) = postSolution
		SolutionGuid = {C8852708-CD39-48CF-AA0D-9EF50BF45B44}
	EndGlobalSection
EndGlobal
